
Microsoft Visual Studio Solution File, Format Version 12.00
# Visual Studio Version 17
VisualStudioVersion = 17.3.32819.101
MinimumVisualStudioVersion = 10.0.40219.1
Project("{9A19103F-16F7-4668-BE54-9A1E7A4F7556}") = "Практика_Зад5", "Практика_Зад5.csproj", "{45A6D1DA-C0F0-4449-AFE7-3E99C2F1A069}"
EndProject
Project("{9A19103F-16F7-4668-BE54-9A1E7A4F7556}") = "LibraryLetelov", "..\LibraryLetelov\LibraryLetelov.csproj", "{C1F1CD3B-846B-4F9E-98AD-2D52FBCC0C23}"
EndProject
Global
	GlobalSection(SolutionConfigurationPlatforms) = preSolution
		Debug|Any CPU = Debug|Any CPU
		Release|Any CPU = Release|Any CPU
	EndGlobalSection
	GlobalSection(ProjectConfigurationPlatforms) = postSolution
		{45A6D1DA-C0F0-4449-AFE7-3E99C2F1A069}.Debug|Any CPU.ActiveCfg = Debug|Any CPU
		{45A6D1DA-C0F0-4449-AFE7-3E99C2F1A069}.Debug|Any CPU.Build.0 = Debug|Any CPU
		{45A6D1DA-C0F0-4449-AFE7-3E99C2F1A069}.Release|Any CPU.ActiveCfg = Release|Any CPU
		{45A6D1DA-C0F0-4449-AFE7-3E99C2F1A069}.Release|Any CPU.Build.0 = Release|Any CPU
		{C1F1CD3B-846B-4F9E-98AD-2D52FBCC0C23}.Debug|Any CPU.ActiveCfg = Debug|Any CPU
		{C1F1CD3B-846B-4F9E-98AD-2D52FBCC0C23}.Debug|Any CPU.Build.0 = Debug|Any CPU
		{C1F1CD3B-846B-4F9E-98AD-2D52FBCC0C23}.Release|Any CPU.ActiveCfg = Release|Any CPU
		{C1F1CD3B-846B-4F9E-98AD-2D52FBCC0C23}.Release|Any CPU.Build.0 = Release|Any CPU
	EndGlobalSection
	GlobalSection(SolutionProperties) = preSolution
		HideSolutionNode = FALSE
	EndGlobalSection
	GlobalSection(ExtensibilityGlobals) = postSolution
		SolutionGuid = {7452FAA0-419B-49A5-93C3-C98AA5660C76}
	EndGlobalSection
EndGlobal
